// !$*UTF8*$!
{
	archiveVersion = 1;
	classes = {
	};
	objectVersion = 50;
	objects = {

/* Begin PBXBuildFile section */
		490D893B222F06D300C8509C /* AppDelegate.swift in Sources */ = {isa = PBXBuildFile; fileRef = 490D893A222F06D300C8509C /* AppDelegate.swift */; };
		490D8940222F06D300C8509C /* Main.storyboard in Resources */ = {isa = PBXBuildFile; fileRef = 490D893E222F06D300C8509C /* Main.storyboard */; };
		490D8942222F06D800C8509C /* Assets.xcassets in Resources */ = {isa = PBXBuildFile; fileRef = 490D8941222F06D800C8509C /* Assets.xcassets */; };
		490D8945222F06D800C8509C /* LaunchScreen.storyboard in Resources */ = {isa = PBXBuildFile; fileRef = 490D8943222F06D800C8509C /* LaunchScreen.storyboard */; };
		490D8950222F06D800C8509C /* ParsetagramTests.swift in Sources */ = {isa = PBXBuildFile; fileRef = 490D894F222F06D800C8509C /* ParsetagramTests.swift */; };
		490D895B222F06D800C8509C /* ParsetagramUITests.swift in Sources */ = {isa = PBXBuildFile; fileRef = 490D895A222F06D800C8509C /* ParsetagramUITests.swift */; };
		490D8969222F11F000C8509C /* LoginViewController.swift in Sources */ = {isa = PBXBuildFile; fileRef = 490D8968222F11F000C8509C /* LoginViewController.swift */; };
		490D896B222F121800C8509C /* FeedViewController.swift in Sources */ = {isa = PBXBuildFile; fileRef = 490D896A222F121800C8509C /* FeedViewController.swift */; };
		498FB6F0222F3A66000C887B /* CameraViewController.swift in Sources */ = {isa = PBXBuildFile; fileRef = 498FB6EF222F3A65000C887B /* CameraViewController.swift */; };
		498FB6F2222F5CE5000C887B /* PostCell.swift in Sources */ = {isa = PBXBuildFile; fileRef = 498FB6F1222F5CE5000C887B /* PostCell.swift */; };
		6F0FCD89C750E1340D329937 /* Pods_Parsetagram.framework in Frameworks */ = {isa = PBXBuildFile; fileRef = 6F6681E293A505AC113F2124 /* Pods_Parsetagram.framework */; };
		7CA54D348C070744647A2BCD /* Pods_ParsetagramUITests.framework in Frameworks */ = {isa = PBXBuildFile; fileRef = CFB03421F048103216C07115 /* Pods_ParsetagramUITests.framework */; };
		A6F85FA104BF4D4F8F3F19B3 /* Pods_ParsetagramTests.framework in Frameworks */ = {isa = PBXBuildFile; fileRef = 454957C4628218787C684DFC /* Pods_ParsetagramTests.framework */; };
/* End PBXBuildFile section */

/* Begin PBXContainerItemProxy section */
		490D894C222F06D800C8509C /* PBXContainerItemProxy */ = {
			isa = PBXContainerItemProxy;
			containerPortal = 490D892F222F06D300C8509C /* Project object */;
			proxyType = 1;
			remoteGlobalIDString = 490D8936222F06D300C8509C;
			remoteInfo = Parsetagram;
		};
		490D8957222F06D800C8509C /* PBXContainerItemProxy */ = {
			isa = PBXContainerItemProxy;
			containerPortal = 490D892F222F06D300C8509C /* Project object */;
			proxyType = 1;
			remoteGlobalIDString = 490D8936222F06D300C8509C;
			remoteInfo = Parsetagram;
		};
/* End PBXContainerItemProxy section */

/* Begin PBXFileReference section */
		2CFACB31A7916D682109FB32 /* Pods-Parsetagram.release.xcconfig */ = {isa = PBXFileReference; includeInIndex = 1; lastKnownFileType = text.xcconfig; name = "Pods-Parsetagram.release.xcconfig"; path = "Pods/Target Support Files/Pods-Parsetagram/Pods-Parsetagram.release.xcconfig"; sourceTree = "<group>"; };
		454957C4628218787C684DFC /* Pods_ParsetagramTests.framework */ = {isa = PBXFileReference; explicitFileType = wrapper.framework; includeInIndex = 0; path = Pods_ParsetagramTests.framework; sourceTree = BUILT_PRODUCTS_DIR; };
		490D8937222F06D300C8509C /* Parsetagram.app */ = {isa = PBXFileReference; explicitFileType = wrapper.application; includeInIndex = 0; path = Parsetagram.app; sourceTree = BUILT_PRODUCTS_DIR; };
		490D893A222F06D300C8509C /* AppDelegate.swift */ = {isa = PBXFileReference; lastKnownFileType = sourcecode.swift; path = AppDelegate.swift; sourceTree = "<group>"; };
		490D893F222F06D300C8509C /* Base */ = {isa = PBXFileReference; lastKnownFileType = file.storyboard; name = Base; path = Base.lproj/Main.storyboard; sourceTree = "<group>"; };
		490D8941222F06D800C8509C /* Assets.xcassets */ = {isa = PBXFileReference; lastKnownFileType = folder.assetcatalog; path = Assets.xcassets; sourceTree = "<group>"; };
		490D8944222F06D800C8509C /* Base */ = {isa = PBXFileReference; lastKnownFileType = file.storyboard; name = Base; path = Base.lproj/LaunchScreen.storyboard; sourceTree = "<group>"; };
		490D8946222F06D800C8509C /* Info.plist */ = {isa = PBXFileReference; lastKnownFileType = text.plist.xml; path = Info.plist; sourceTree = "<group>"; };
		490D894B222F06D800C8509C /* ParsetagramTests.xctest */ = {isa = PBXFileReference; explicitFileType = wrapper.cfbundle; includeInIndex = 0; path = ParsetagramTests.xctest; sourceTree = BUILT_PRODUCTS_DIR; };
		490D894F222F06D800C8509C /* ParsetagramTests.swift */ = {isa = PBXFileReference; lastKnownFileType = sourcecode.swift; path = ParsetagramTests.swift; sourceTree = "<group>"; };
		490D8951222F06D800C8509C /* Info.plist */ = {isa = PBXFileReference; lastKnownFileType = text.plist.xml; path = Info.plist; sourceTree = "<group>"; };
		490D8956222F06D800C8509C /* ParsetagramUITests.xctest */ = {isa = PBXFileReference; explicitFileType = wrapper.cfbundle; includeInIndex = 0; path = ParsetagramUITests.xctest; sourceTree = BUILT_PRODUCTS_DIR; };
		490D895A222F06D800C8509C /* ParsetagramUITests.swift */ = {isa = PBXFileReference; lastKnownFileType = sourcecode.swift; path = ParsetagramUITests.swift; sourceTree = "<group>"; };
		490D895C222F06D800C8509C /* Info.plist */ = {isa = PBXFileReference; lastKnownFileType = text.plist.xml; path = Info.plist; sourceTree = "<group>"; };
		490D8968222F11F000C8509C /* LoginViewController.swift */ = {isa = PBXFileReference; lastKnownFileType = sourcecode.swift; path = LoginViewController.swift; sourceTree = "<group>"; };
		490D896A222F121800C8509C /* FeedViewController.swift */ = {isa = PBXFileReference; lastKnownFileType = sourcecode.swift; path = FeedViewController.swift; sourceTree = "<group>"; };
		498FB6EF222F3A65000C887B /* CameraViewController.swift */ = {isa = PBXFileReference; lastKnownFileType = sourcecode.swift; path = CameraViewController.swift; sourceTree = "<group>"; };
		498FB6F1222F5CE5000C887B /* PostCell.swift */ = {isa = PBXFileReference; lastKnownFileType = sourcecode.swift; path = PostCell.swift; sourceTree = "<group>"; };
		6F6681E293A505AC113F2124 /* Pods_Parsetagram.framework */ = {isa = PBXFileReference; explicitFileType = wrapper.framework; includeInIndex = 0; path = Pods_Parsetagram.framework; sourceTree = BUILT_PRODUCTS_DIR; };
		7BF973EC5529EFD685A92E86 /* Pods-ParsetagramUITests.release.xcconfig */ = {isa = PBXFileReference; includeInIndex = 1; lastKnownFileType = text.xcconfig; name = "Pods-ParsetagramUITests.release.xcconfig"; path = "Pods/Target Support Files/Pods-ParsetagramUITests/Pods-ParsetagramUITests.release.xcconfig"; sourceTree = "<group>"; };
		80D32314DD04D8179153496B /* Pods-ParsetagramUITests.debug.xcconfig */ = {isa = PBXFileReference; includeInIndex = 1; lastKnownFileType = text.xcconfig; name = "Pods-ParsetagramUITests.debug.xcconfig"; path = "Pods/Target Support Files/Pods-ParsetagramUITests/Pods-ParsetagramUITests.debug.xcconfig"; sourceTree = "<group>"; };
		B26A81C268499DF3DC5ED661 /* Pods-ParsetagramTests.release.xcconfig */ = {isa = PBXFileReference; includeInIndex = 1; lastKnownFileType = text.xcconfig; name = "Pods-ParsetagramTests.release.xcconfig"; path = "Pods/Target Support Files/Pods-ParsetagramTests/Pods-ParsetagramTests.release.xcconfig"; sourceTree = "<group>"; };
		CFB03421F048103216C07115 /* Pods_ParsetagramUITests.framework */ = {isa = PBXFileReference; explicitFileType = wrapper.framework; includeInIndex = 0; path = Pods_ParsetagramUITests.framework; sourceTree = BUILT_PRODUCTS_DIR; };
		E0D7C29CB095EB968137E50E /* Pods-ParsetagramTests.debug.xcconfig */ = {isa = PBXFileReference; includeInIndex = 1; lastKnownFileType = text.xcconfig; name = "Pods-ParsetagramTests.debug.xcconfig"; path = "Pods/Target Support Files/Pods-ParsetagramTests/Pods-ParsetagramTests.debug.xcconfig"; sourceTree = "<group>"; };
		E55A0663E69B983872CE12F0 /* Pods-Parsetagram.debug.xcconfig */ = {isa = PBXFileReference; includeInIndex = 1; lastKnownFileType = text.xcconfig; name = "Pods-Parsetagram.debug.xcconfig"; path = "Pods/Target Support Files/Pods-Parsetagram/Pods-Parsetagram.debug.xcconfig"; sourceTree = "<group>"; };
/* End PBXFileReference section */

/* Begin PBXFrameworksBuildPhase section */
		490D8934222F06D300C8509C /* Frameworks */ = {
			isa = PBXFrameworksBuildPhase;
			buildActionMask = 2147483647;
			files = (
				6F0FCD89C750E1340D329937 /* Pods_Parsetagram.framework in Frameworks */,
			);
			runOnlyForDeploymentPostprocessing = 0;
		};
		490D8948222F06D800C8509C /* Frameworks */ = {
			isa = PBXFrameworksBuildPhase;
			buildActionMask = 2147483647;
			files = (
				A6F85FA104BF4D4F8F3F19B3 /* Pods_ParsetagramTests.framework in Frameworks */,
			);
			runOnlyForDeploymentPostprocessing = 0;
		};
		490D8953222F06D800C8509C /* Frameworks */ = {
			isa = PBXFrameworksBuildPhase;
			buildActionMask = 2147483647;
			files = (
				7CA54D348C070744647A2BCD /* Pods_ParsetagramUITests.framework in Frameworks */,
			);
			runOnlyForDeploymentPostprocessing = 0;
		};
/* End PBXFrameworksBuildPhase section */

/* Begin PBXGroup section */
		490D892E222F06D300C8509C = {
			isa = PBXGroup;
			children = (
				490D8939222F06D300C8509C /* Parsetagram */,
				490D894E222F06D800C8509C /* ParsetagramTests */,
				490D8959222F06D800C8509C /* ParsetagramUITests */,
				490D8938222F06D300C8509C /* Products */,
				4F2A9896AC27535799850C49 /* Pods */,
				5CB6577AAE9E922676D3677D /* Frameworks */,
			);
			sourceTree = "<group>";
		};
		490D8938222F06D300C8509C /* Products */ = {
			isa = PBXGroup;
			children = (
				490D8937222F06D300C8509C /* Parsetagram.app */,
				490D894B222F06D800C8509C /* ParsetagramTests.xctest */,
				490D8956222F06D800C8509C /* ParsetagramUITests.xctest */,
			);
			name = Products;
			sourceTree = "<group>";
		};
		490D8939222F06D300C8509C /* Parsetagram */ = {
			isa = PBXGroup;
			children = (
				490D893A222F06D300C8509C /* AppDelegate.swift */,
				490D893E222F06D300C8509C /* Main.storyboard */,
				490D8941222F06D800C8509C /* Assets.xcassets */,
				490D8943222F06D800C8509C /* LaunchScreen.storyboard */,
				490D8946222F06D800C8509C /* Info.plist */,
				490D8968222F11F000C8509C /* LoginViewController.swift */,
				490D896A222F121800C8509C /* FeedViewController.swift */,
				498FB6EF222F3A65000C887B /* CameraViewController.swift */,
				498FB6F1222F5CE5000C887B /* PostCell.swift */,
			);
			path = Parsetagram;
			sourceTree = "<group>";
		};
		490D894E222F06D800C8509C /* ParsetagramTests */ = {
			isa = PBXGroup;
			children = (
				490D894F222F06D800C8509C /* ParsetagramTests.swift */,
				490D8951222F06D800C8509C /* Info.plist */,
			);
			path = ParsetagramTests;
			sourceTree = "<group>";
		};
		490D8959222F06D800C8509C /* ParsetagramUITests */ = {
			isa = PBXGroup;
			children = (
				490D895A222F06D800C8509C /* ParsetagramUITests.swift */,
				490D895C222F06D800C8509C /* Info.plist */,
			);
			path = ParsetagramUITests;
			sourceTree = "<group>";
		};
		4F2A9896AC27535799850C49 /* Pods */ = {
			isa = PBXGroup;
			children = (
				E55A0663E69B983872CE12F0 /* Pods-Parsetagram.debug.xcconfig */,
				2CFACB31A7916D682109FB32 /* Pods-Parsetagram.release.xcconfig */,
				E0D7C29CB095EB968137E50E /* Pods-ParsetagramTests.debug.xcconfig */,
				B26A81C268499DF3DC5ED661 /* Pods-ParsetagramTests.release.xcconfig */,
				80D32314DD04D8179153496B /* Pods-ParsetagramUITests.debug.xcconfig */,
				7BF973EC5529EFD685A92E86 /* Pods-ParsetagramUITests.release.xcconfig */,
			);
			name = Pods;
			sourceTree = "<group>";
		};
		5CB6577AAE9E922676D3677D /* Frameworks */ = {
			isa = PBXGroup;
			children = (
				6F6681E293A505AC113F2124 /* Pods_Parsetagram.framework */,
				454957C4628218787C684DFC /* Pods_ParsetagramTests.framework */,
				CFB03421F048103216C07115 /* Pods_ParsetagramUITests.framework */,
			);
			name = Frameworks;
			sourceTree = "<group>";
		};
/* End PBXGroup section */

/* Begin PBXNativeTarget section */
		490D8936222F06D300C8509C /* Parsetagram */ = {
			isa = PBXNativeTarget;
			buildConfigurationList = 490D895F222F06D900C8509C /* Build configuration list for PBXNativeTarget "Parsetagram" */;
			buildPhases = (
				434B27C013692D48BA6F8B47 /* [CP] Check Pods Manifest.lock */,
				490D8933222F06D300C8509C /* Sources */,
				490D8934222F06D300C8509C /* Frameworks */,
				490D8935222F06D300C8509C /* Resources */,
				F5EC0CAEBE41D1F2CF4BE64A /* [CP] Embed Pods Frameworks */,
			);
			buildRules = (
			);
			dependencies = (
			);
			name = Parsetagram;
			productName = Parsetagram;
			productReference = 490D8937222F06D300C8509C /* Parsetagram.app */;
			productType = "com.apple.product-type.application";
		};
		490D894A222F06D800C8509C /* ParsetagramTests */ = {
			isa = PBXNativeTarget;
			buildConfigurationList = 490D8962222F06D900C8509C /* Build configuration list for PBXNativeTarget "ParsetagramTests" */;
			buildPhases = (
				53BF928E1B561F3E0AC328A0 /* [CP] Check Pods Manifest.lock */,
				490D8947222F06D800C8509C /* Sources */,
				490D8948222F06D800C8509C /* Frameworks */,
				490D8949222F06D800C8509C /* Resources */,
			);
			buildRules = (
			);
			dependencies = (
				490D894D222F06D800C8509C /* PBXTargetDependency */,
			);
			name = ParsetagramTests;
			productName = ParsetagramTests;
			productReference = 490D894B222F06D800C8509C /* ParsetagramTests.xctest */;
			productType = "com.apple.product-type.bundle.unit-test";
		};
		490D8955222F06D800C8509C /* ParsetagramUITests */ = {
			isa = PBXNativeTarget;
			buildConfigurationList = 490D8965222F06D900C8509C /* Build configuration list for PBXNativeTarget "ParsetagramUITests" */;
			buildPhases = (
				D595EE953738EE70A3E5401D /* [CP] Check Pods Manifest.lock */,
				490D8952222F06D800C8509C /* Sources */,
				490D8953222F06D800C8509C /* Frameworks */,
				490D8954222F06D800C8509C /* Resources */,
			);
			buildRules = (
			);
			dependencies = (
				490D8958222F06D800C8509C /* PBXTargetDependency */,
			);
			name = ParsetagramUITests;
			productName = ParsetagramUITests;
			productReference = 490D8956222F06D800C8509C /* ParsetagramUITests.xctest */;
			productType = "com.apple.product-type.bundle.ui-testing";
		};
/* End PBXNativeTarget section */

/* Begin PBXProject section */
		490D892F222F06D300C8509C /* Project object */ = {
			isa = PBXProject;
			attributes = {
				LastSwiftUpdateCheck = 1010;
				LastUpgradeCheck = 1010;
				ORGANIZATIONNAME = Andrew;
				TargetAttributes = {
					490D8936222F06D300C8509C = {
						CreatedOnToolsVersion = 10.1;
					};
					490D894A222F06D800C8509C = {
						CreatedOnToolsVersion = 10.1;
						TestTargetID = 490D8936222F06D300C8509C;
					};
					490D8955222F06D800C8509C = {
						CreatedOnToolsVersion = 10.1;
						TestTargetID = 490D8936222F06D300C8509C;
					};
				};
			};
			buildConfigurationList = 490D8932222F06D300C8509C /* Build configuration list for PBXProject "Parsetagram" */;
			compatibilityVersion = "Xcode 9.3";
			developmentRegion = en;
			hasScannedForEncodings = 0;
			knownRegions = (
				en,
				Base,
			);
			mainGroup = 490D892E222F06D300C8509C;
			productRefGroup = 490D8938222F06D300C8509C /* Products */;
			projectDirPath = "";
			projectRoot = "";
			targets = (
				490D8936222F06D300C8509C /* Parsetagram */,
				490D894A222F06D800C8509C /* ParsetagramTests */,
				490D8955222F06D800C8509C /* ParsetagramUITests */,
			);
		};
/* End PBXProject section */

/* Begin PBXResourcesBuildPhase section */
		490D8935222F06D300C8509C /* Resources */ = {
			isa = PBXResourcesBuildPhase;
			buildActionMask = 2147483647;
			files = (
				490D8945222F06D800C8509C /* LaunchScreen.storyboard in Resources */,
				490D8942222F06D800C8509C /* Assets.xcassets in Resources */,
				490D8940222F06D300C8509C /* Main.storyboard in Resources */,
			);
			runOnlyForDeploymentPostprocessing = 0;
		};
		490D8949222F06D800C8509C /* Resources */ = {
			isa = PBXResourcesBuildPhase;
			buildActionMask = 2147483647;
			files = (
			);
			runOnlyForDeploymentPostprocessing = 0;
		};
		490D8954222F06D800C8509C /* Resources */ = {
			isa = PBXResourcesBuildPhase;
			buildActionMask = 2147483647;
			files = (
			);
			runOnlyForDeploymentPostprocessing = 0;
		};
/* End PBXResourcesBuildPhase section */

/* Begin PBXShellScriptBuildPhase section */
		434B27C013692D48BA6F8B47 /* [CP] Check Pods Manifest.lock */ = {
			isa = PBXShellScriptBuildPhase;
			buildActionMask = 2147483647;
			files = (
			);
			inputFileListPaths = (
			);
			inputPaths = (
				"${PODS_PODFILE_DIR_PATH}/Podfile.lock",
				"${PODS_ROOT}/Manifest.lock",
			);
			name = "[CP] Check Pods Manifest.lock";
			outputFileListPaths = (
			);
			outputPaths = (
				"$(DERIVED_FILE_DIR)/Pods-Parsetagram-checkManifestLockResult.txt",
			);
			runOnlyForDeploymentPostprocessing = 0;
			shellPath = /bin/sh;
			shellScript = "diff \"${PODS_PODFILE_DIR_PATH}/Podfile.lock\" \"${PODS_ROOT}/Manifest.lock\" > /dev/null\nif [ $? != 0 ] ; then\n    # print error to STDERR\n    echo \"error: The sandbox is not in sync with the Podfile.lock. Run 'pod install' or update your CocoaPods installation.\" >&2\n    exit 1\nfi\n# This output is used by Xcode 'outputs' to avoid re-running this script phase.\necho \"SUCCESS\" > \"${SCRIPT_OUTPUT_FILE_0}\"\n";
			showEnvVarsInLog = 0;
		};
		53BF928E1B561F3E0AC328A0 /* [CP] Check Pods Manifest.lock */ = {
			isa = PBXShellScriptBuildPhase;
			buildActionMask = 2147483647;
			files = (
			);
			inputFileListPaths = (
			);
			inputPaths = (
				"${PODS_PODFILE_DIR_PATH}/Podfile.lock",
				"${PODS_ROOT}/Manifest.lock",
			);
			name = "[CP] Check Pods Manifest.lock";
			outputFileListPaths = (
			);
			outputPaths = (
				"$(DERIVED_FILE_DIR)/Pods-ParsetagramTests-checkManifestLockResult.txt",
			);
			runOnlyForDeploymentPostprocessing = 0;
			shellPath = /bin/sh;
			shellScript = "diff \"${PODS_PODFILE_DIR_PATH}/Podfile.lock\" \"${PODS_ROOT}/Manifest.lock\" > /dev/null\nif [ $? != 0 ] ; then\n    # print error to STDERR\n    echo \"error: The sandbox is not in sync with the Podfile.lock. Run 'pod install' or update your CocoaPods installation.\" >&2\n    exit 1\nfi\n# This output is used by Xcode 'outputs' to avoid re-running this script phase.\necho \"SUCCESS\" > \"${SCRIPT_OUTPUT_FILE_0}\"\n";
			showEnvVarsInLog = 0;
		};
		D595EE953738EE70A3E5401D /* [CP] Check Pods Manifest.lock */ = {
			isa = PBXShellScriptBuildPhase;
			buildActionMask = 2147483647;
			files = (
			);
			inputFileListPaths = (
			);
			inputPaths = (
				"${PODS_PODFILE_DIR_PATH}/Podfile.lock",
				"${PODS_ROOT}/Manifest.lock",
			);
			name = "[CP] Check Pods Manifest.lock";
			outputFileListPaths = (
			);
			outputPaths = (
				"$(DERIVED_FILE_DIR)/Pods-ParsetagramUITests-checkManifestLockResult.txt",
			);
			runOnlyForDeploymentPostprocessing = 0;
			shellPath = /bin/sh;
			shellScript = "diff \"${PODS_PODFILE_DIR_PATH}/Podfile.lock\" \"${PODS_ROOT}/Manifest.lock\" > /dev/null\nif [ $? != 0 ] ; then\n    # print error to STDERR\n    echo \"error: The sandbox is not in sync with the Podfile.lock. Run 'pod install' or update your CocoaPods installation.\" >&2\n    exit 1\nfi\n# This output is used by Xcode 'outputs' to avoid re-running this script phase.\necho \"SUCCESS\" > \"${SCRIPT_OUTPUT_FILE_0}\"\n";
			showEnvVarsInLog = 0;
		};
		F5EC0CAEBE41D1F2CF4BE64A /* [CP] Embed Pods Frameworks */ = {
			isa = PBXShellScriptBuildPhase;
			buildActionMask = 2147483647;
			files = (
			);
			inputFileListPaths = (
			);
			inputPaths = (
				"${SRCROOT}/Pods/Target Support Files/Pods-Parsetagram/Pods-Parsetagram-frameworks.sh",
				"${BUILT_PRODUCTS_DIR}/Alamofire/Alamofire.framework",
				"${BUILT_PRODUCTS_DIR}/AlamofireImage/AlamofireImage.framework",
				"${BUILT_PRODUCTS_DIR}/Bolts/Bolts.framework",
				"${BUILT_PRODUCTS_DIR}/Parse/Parse.framework",
			);
			name = "[CP] Embed Pods Frameworks";
			outputFileListPaths = (
			);
			outputPaths = (
				"${TARGET_BUILD_DIR}/${FRAMEWORKS_FOLDER_PATH}/Alamofire.framework",
				"${TARGET_BUILD_DIR}/${FRAMEWORKS_FOLDER_PATH}/AlamofireImage.framework",
				"${TARGET_BUILD_DIR}/${FRAMEWORKS_FOLDER_PATH}/Bolts.framework",
				"${TARGET_BUILD_DIR}/${FRAMEWORKS_FOLDER_PATH}/Parse.framework",
			);
			runOnlyForDeploymentPostprocessing = 0;
			shellPath = /bin/sh;
			shellScript = "\"${SRCROOT}/Pods/Target Support Files/Pods-Parsetagram/Pods-Parsetagram-frameworks.sh\"\n";
			showEnvVarsInLog = 0;
		};
/* End PBXShellScriptBuildPhase section */

/* Begin PBXSourcesBuildPhase section */
		490D8933222F06D300C8509C /* Sources */ = {
			isa = PBXSourcesBuildPhase;
			buildActionMask = 2147483647;
			files = (
				490D8969222F11F000C8509C /* LoginViewController.swift in Sources */,
				498FB6F0222F3A66000C887B /* CameraViewController.swift in Sources */,
				490D896B222F121800C8509C /* FeedViewController.swift in Sources */,
				490D893B222F06D300C8509C /* AppDelegate.swift in Sources */,
				498FB6F2222F5CE5000C887B /* PostCell.swift in Sources */,
			);
			runOnlyForDeploymentPostprocessing = 0;
		};
		490D8947222F06D800C8509C /* Sources */ = {
			isa = PBXSourcesBuildPhase;
			buildActionMask = 2147483647;
			files = (
				490D8950222F06D800C8509C /* ParsetagramTests.swift in Sources */,
			);
			runOnlyForDeploymentPostprocessing = 0;
		};
		490D8952222F06D800C8509C /* Sources */ = {
			isa = PBXSourcesBuildPhase;
			buildActionMask = 2147483647;
			files = (
				490D895B222F06D800C8509C /* ParsetagramUITests.swift in Sources */,
			);
			runOnlyForDeploymentPostprocessing = 0;
		};
/* End PBXSourcesBuildPhase section */

/* Begin PBXTargetDependency section */
		490D894D222F06D800C8509C /* PBXTargetDependency */ = {
			isa = PBXTargetDependency;
			target = 490D8936222F06D300C8509C /* Parsetagram */;
			targetProxy = 490D894C222F06D800C8509C /* PBXContainerItemProxy */;
		};
		490D8958222F06D800C8509C /* PBXTargetDependency */ = {
			isa = PBXTargetDependency;
			target = 490D8936222F06D300C8509C /* Parsetagram */;
			targetProxy = 490D8957222F06D800C8509C /* PBXContainerItemProxy */;
		};
/* End PBXTargetDependency section */

/* Begin PBXVariantGroup section */
		490D893E222F06D300C8509C /* Main.storyboard */ = {
			isa = PBXVariantGroup;
			children = (
				490D893F222F06D300C8509C /* Base */,
			);
			name = Main.storyboard;
			sourceTree = "<group>";
		};
		490D8943222F06D800C8509C /* LaunchScreen.storyboard */ = {
			isa = PBXVariantGroup;
			children = (
				490D8944222F06D800C8509C /* Base */,
			);
			name = LaunchScreen.storyboard;
			sourceTree = "<group>";
		};
/* End PBXVariantGroup section */

/* Begin XCBuildConfiguration section */
		490D895D222F06D800C8509C /* Debug */ = {
			isa = XCBuildConfiguration;
			buildSettings = {
				ALWAYS_SEARCH_USER_PATHS = NO;
				CLANG_ANALYZER_NONNULL = YES;
				CLANG_ANALYZER_NUMBER_OBJECT_CONVERSION = YES_AGGRESSIVE;
				CLANG_CXX_LANGUAGE_STANDARD = "gnu++14";
				CLANG_CXX_LIBRARY = "libc++";
				CLANG_ENABLE_MODULES = YES;
				CLANG_ENABLE_OBJC_ARC = YES;
				CLANG_ENABLE_OBJC_WEAK = YES;
				CLANG_WARN_BLOCK_CAPTURE_AUTORELEASING = YES;
				CLANG_WARN_BOOL_CONVERSION = YES;
				CLANG_WARN_COMMA = YES;
				CLANG_WARN_CONSTANT_CONVERSION = YES;
				CLANG_WARN_DEPRECATED_OBJC_IMPLEMENTATIONS = YES;
				CLANG_WARN_DIRECT_OBJC_ISA_USAGE = YES_ERROR;
				CLANG_WARN_DOCUMENTATION_COMMENTS = YES;
				CLANG_WARN_EMPTY_BODY = YES;
				CLANG_WARN_ENUM_CONVERSION = YES;
				CLANG_WARN_INFINITE_RECURSION = YES;
				CLANG_WARN_INT_CONVERSION = YES;
				CLANG_WARN_NON_LITERAL_NULL_CONVERSION = YES;
				CLANG_WARN_OBJC_IMPLICIT_RETAIN_SELF = YES;
				CLANG_WARN_OBJC_LITERAL_CONVERSION = YES;
				CLANG_WARN_OBJC_ROOT_CLASS = YES_ERROR;
				CLANG_WARN_RANGE_LOOP_ANALYSIS = YES;
				CLANG_WARN_STRICT_PROTOTYPES = YES;
				CLANG_WARN_SUSPICIOUS_MOVE = YES;
				CLANG_WARN_UNGUARDED_AVAILABILITY = YES_AGGRESSIVE;
				CLANG_WARN_UNREACHABLE_CODE = YES;
				CLANG_WARN__DUPLICATE_METHOD_MATCH = YES;
				CODE_SIGN_IDENTITY = "iPhone Developer";
				COPY_PHASE_STRIP = NO;
				DEBUG_INFORMATION_FORMAT = dwarf;
				ENABLE_STRICT_OBJC_MSGSEND = YES;
				ENABLE_TESTABILITY = YES;
				GCC_C_LANGUAGE_STANDARD = gnu11;
				GCC_DYNAMIC_NO_PIC = NO;
				GCC_NO_COMMON_BLOCKS = YES;
				GCC_OPTIMIZATION_LEVEL = 0;
				GCC_PREPROCESSOR_DEFINITIONS = (
					"DEBUG=1",
					"$(inherited)",
				);
				GCC_WARN_64_TO_32_BIT_CONVERSION = YES;
				GCC_WARN_ABOUT_RETURN_TYPE = YES_ERROR;
				GCC_WARN_UNDECLARED_SELECTOR = YES;
				GCC_WARN_UNINITIALIZED_AUTOS = YES_AGGRESSIVE;
				GCC_WARN_UNUSED_FUNCTION = YES;
				GCC_WARN_UNUSED_VARIABLE = YES;
				IPHONEOS_DEPLOYMENT_TARGET = 12.1;
				MTL_ENABLE_DEBUG_INFO = INCLUDE_SOURCE;
				MTL_FAST_MATH = YES;
				ONLY_ACTIVE_ARCH = YES;
				SDKROOT = iphoneos;
				SWIFT_ACTIVE_COMPILATION_CONDITIONS = DEBUG;
				SWIFT_OPTIMIZATION_LEVEL = "-Onone";
			};
			name = Debug;
		};
		490D895E222F06D800C8509C /* Release */ = {
			isa = XCBuildConfiguration;
			buildSettings = {
				ALWAYS_SEARCH_USER_PATHS = NO;
				CLANG_ANALYZER_NONNULL = YES;
				CLANG_ANALYZER_NUMBER_OBJECT_CONVERSION = YES_AGGRESSIVE;
				CLANG_CXX_LANGUAGE_STANDARD = "gnu++14";
				CLANG_CXX_LIBRARY = "libc++";
				CLANG_ENABLE_MODULES = YES;
				CLANG_ENABLE_OBJC_ARC = YES;
				CLANG_ENABLE_OBJC_WEAK = YES;
				CLANG_WARN_BLOCK_CAPTURE_AUTORELEASING = YES;
				CLANG_WARN_BOOL_CONVERSION = YES;
				CLANG_WARN_COMMA = YES;
				CLANG_WARN_CONSTANT_CONVERSION = YES;
				CLANG_WARN_DEPRECATED_OBJC_IMPLEMENTATIONS = YES;
				CLANG_WARN_DIRECT_OBJC_ISA_USAGE = YES_ERROR;
				CLANG_WARN_DOCUMENTATION_COMMENTS = YES;
				CLANG_WARN_EMPTY_BODY = YES;
				CLANG_WARN_ENUM_CONVERSION = YES;
				CLANG_WARN_INFINITE_RECURSION = YES;
				CLANG_WARN_INT_CONVERSION = YES;
				CLANG_WARN_NON_LITERAL_NULL_CONVERSION = YES;
				CLANG_WARN_OBJC_IMPLICIT_RETAIN_SELF = YES;
				CLANG_WARN_OBJC_LITERAL_CONVERSION = YES;
				CLANG_WARN_OBJC_ROOT_CLASS = YES_ERROR;
				CLANG_WARN_RANGE_LOOP_ANALYSIS = YES;
				CLANG_WARN_STRICT_PROTOTYPES = YES;
				CLANG_WARN_SUSPICIOUS_MOVE = YES;
				CLANG_WARN_UNGUARDED_AVAILABILITY = YES_AGGRESSIVE;
				CLANG_WARN_UNREACHABLE_CODE = YES;
				CLANG_WARN__DUPLICATE_METHOD_MATCH = YES;
				CODE_SIGN_IDENTITY = "iPhone Developer";
				COPY_PHASE_STRIP = NO;
				DEBUG_INFORMATION_FORMAT = "dwarf-with-dsym";
				ENABLE_NS_ASSERTIONS = NO;
				ENABLE_STRICT_OBJC_MSGSEND = YES;
				GCC_C_LANGUAGE_STANDARD = gnu11;
				GCC_NO_COMMON_BLOCKS = YES;
				GCC_WARN_64_TO_32_BIT_CONVERSION = YES;
				GCC_WARN_ABOUT_RETURN_TYPE = YES_ERROR;
				GCC_WARN_UNDECLARED_SELECTOR = YES;
				GCC_WARN_UNINITIALIZED_AUTOS = YES_AGGRESSIVE;
				GCC_WARN_UNUSED_FUNCTION = YES;
				GCC_WARN_UNUSED_VARIABLE = YES;
				IPHONEOS_DEPLOYMENT_TARGET = 12.1;
				MTL_ENABLE_DEBUG_INFO = NO;
				MTL_FAST_MATH = YES;
				SDKROOT = iphoneos;
				SWIFT_COMPILATION_MODE = wholemodule;
				SWIFT_OPTIMIZATION_LEVEL = "-O";
				VALIDATE_PRODUCT = YES;
			};
			name = Release;
		};
		490D8960222F06D900C8509C /* Debug */ = {
			isa = XCBuildConfiguration;
			baseConfigurationReference = E55A0663E69B983872CE12F0 /* Pods-Parsetagram.debug.xcconfig */;
			buildSettings = {
				ASSETCATALOG_COMPILER_APPICON_NAME = AppIcon;
				CODE_SIGN_STYLE = Automatic;
				DEVELOPMENT_TEAM = T5ZPBN2F6Q;
				INFOPLIST_FILE = Parsetagram/Info.plist;
				LD_RUNPATH_SEARCH_PATHS = (
					"$(inherited)",
					"@executable_path/Frameworks",
				);
				PRODUCT_BUNDLE_IDENTIFIER = com.mycompany.Parsetagram;
				PRODUCT_NAME = "$(TARGET_NAME)";
				SWIFT_VERSION = 4.2;
				TARGETED_DEVICE_FAMILY = "1,2";
			};
			name = Debug;
		};
		490D8961222F06D900C8509C /* Release */ = {
			isa = XCBuildConfiguration;
			baseConfigurationReference = 2CFACB31A7916D682109FB32 /* Pods-Parsetagram.release.xcconfig */;
			buildSettings = {
				ASSETCATALOG_COMPILER_APPICON_NAME = AppIcon;
				CODE_SIGN_STYLE = Automatic;
				DEVELOPMENT_TEAM = T5ZPBN2F6Q;
				INFOPLIST_FILE = Parsetagram/Info.plist;
				LD_RUNPATH_SEARCH_PATHS = (
					"$(inherited)",
					"@executable_path/Frameworks",
				);
				PRODUCT_BUNDLE_IDENTIFIER = com.mycompany.Parsetagram;
				PRODUCT_NAME = "$(TARGET_NAME)";
				SWIFT_VERSION = 4.2;
				TARGETED_DEVICE_FAMILY = "1,2";
			};
			name = Release;
		};
		490D8963222F06D900C8509C /* Debug */ = {
			isa = XCBuildConfiguration;
			baseConfigurationReference = E0D7C29CB095EB968137E50E /* Pods-ParsetagramTests.debug.xcconfig */;
			buildSettings = {
				ALWAYS_EMBED_SWIFT_STANDARD_LIBRARIES = YES;
				BUNDLE_LOADER = "$(TEST_HOST)";
				CODE_SIGN_STYLE = Automatic;
				DEVELOPMENT_TEAM = T5ZPBN2F6Q;
				INFOPLIST_FILE = ParsetagramTests/Info.plist;
				LD_RUNPATH_SEARCH_PATHS = (
					"$(inherited)",
					"@executable_path/Frameworks",
					"@loader_path/Frameworks",
				);
				PRODUCT_BUNDLE_IDENTIFIER = com.mycompany.ParsetagramTests;
				PRODUCT_NAME = "$(TARGET_NAME)";
				SWIFT_VERSION = 4.2;
				TARGETED_DEVICE_FAMILY = "1,2";
				TEST_HOST = "$(BUILT_PRODUCTS_DIR)/Parsetagram.app/Parsetagram";
			};
			name = Debug;
		};
		490D8964222F06D900C8509C /* Release */ = {
			isa = XCBuildConfiguration;
			baseConfigurationReference = B26A81C268499DF3DC5ED661 /* Pods-ParsetagramTests.release.xcconfig */;
			buildSettings = {
				ALWAYS_EMBED_SWIFT_STANDARD_LIBRARIES = YES;
				BUNDLE_LOADER = "$(TEST_HOST)";
				CODE_SIGN_STYLE = Automatic;
				DEVELOPMENT_TEAM = T5ZPBN2F6Q;
				INFOPLIST_FILE = ParsetagramTests/Info.plist;
				LD_RUNPATH_SEARCH_PATHS = (
					"$(inherited)",
					"@executable_path/Frameworks",
					"@loader_path/Frameworks",
				);
				PRODUCT_BUNDLE_IDENTIFIER = com.mycompany.ParsetagramTests;
				PRODUCT_NAME = "$(TARGET_NAME)";
				SWIFT_VERSION = 4.2;
				TARGETED_DEVICE_FAMILY = "1,2";
				TEST_HOST = "$(BUILT_PRODUCTS_DIR)/Parsetagram.app/Parsetagram";
			};
			name = Release;
		};
		490D8966222F06D900C8509C /* Debug */ = {
			isa = XCBuildConfiguration;
			baseConfigurationReference = 80D32314DD04D8179153496B /* Pods-ParsetagramUITests.debug.xcconfig */;
			buildSettings = {
				ALWAYS_EMBED_SWIFT_STANDARD_LIBRARIES = YES;
				CODE_SIGN_STYLE = Automatic;
				DEVELOPMENT_TEAM = T5ZPBN2F6Q;
				INFOPLIST_FILE = ParsetagramUITests/Info.plist;
				LD_RUNPATH_SEARCH_PATHS = (
					"$(inherited)",
					"@executable_path/Frameworks",
					"@loader_path/Frameworks",
				);
				PRODUCT_BUNDLE_IDENTIFIER = com.mycompany.ParsetagramUITests;
				PRODUCT_NAME = "$(TARGET_NAME)";
				SWIFT_VERSION = 4.2;
				TARGETED_DEVICE_FAMILY = "1,2";
				TEST_TARGET_NAME = Parsetagram;
			};
			name = Debug;
		};
		490D8967222F06D900C8509C /* Release */ = {
			isa = XCBuildConfiguration;
			baseConfigurationReference = 7BF973EC5529EFD685A92E86 /* Pods-ParsetagramUITests.release.xcconfig */;
			buildSettings = {
				ALWAYS_EMBED_SWIFT_STANDARD_LIBRARIES = YES;
				CODE_SIGN_STYLE = Automatic;
				DEVELOPMENT_TEAM = T5ZPBN2F6Q;
				INFOPLIST_FILE = ParsetagramUITests/Info.plist;
				LD_RUNPATH_SEARCH_PATHS = (
					"$(inherited)",
					"@executable_path/Frameworks",
					"@loader_path/Frameworks",
				);
				PRODUCT_BUNDLE_IDENTIFIER = com.mycompany.ParsetagramUITests;
				PRODUCT_NAME = "$(TARGET_NAME)";
				SWIFT_VERSION = 4.2;
				TARGETED_DEVICE_FAMILY = "1,2";
				TEST_TARGET_NAME = Parsetagram;
			};
			name = Release;
		};
/* End XCBuildConfiguration section */

/* Begin XCConfigurationList section */
		490D8932222F06D300C8509C /* Build configuration list for PBXProject "Parsetagram" */ = {
			isa = XCConfigurationList;
			buildConfigurations = (
				490D895D222F06D800C8509C /* Debug */,
				490D895E222F06D800C8509C /* Release */,
			);
			defaultConfigurationIsVisible = 0;
			defaultConfigurationName = Release;
		};
		490D895F222F06D900C8509C /* Build configuration list for PBXNativeTarget "Parsetagram" */ = {
			isa = XCConfigurationList;
			buildConfigurations = (
				490D8960222F06D900C8509C /* Debug */,
				490D8961222F06D900C8509C /* Release */,
			);
			defaultConfigurationIsVisible = 0;
			defaultConfigurationName = Release;
		};
		490D8962222F06D900C8509C /* Build configuration list for PBXNativeTarget "ParsetagramTests" */ = {
			isa = XCConfigurationList;
			buildConfigurations = (
				490D8963222F06D900C8509C /* Debug */,
				490D8964222F06D900C8509C /* Release */,
			);
			defaultConfigurationIsVisible = 0;
			defaultConfigurationName = Release;
		};
		490D8965222F06D900C8509C /* Build configuration list for PBXNativeTarget "ParsetagramUITests" */ = {
			isa = XCConfigurationList;
			buildConfigurations = (
				490D8966222F06D900C8509C /* Debug */,
				490D8967222F06D900C8509C /* Release */,
			);
			defaultConfigurationIsVisible = 0;
			defaultConfigurationName = Release;
		};
/* End XCConfigurationList section */
	};
	rootObject = 490D892F222F06D300C8509C /* Project object */;
}
